
Microsoft Visual Studio Solution File, Format Version 12.00
# Visual Studio Version 17
VisualStudioVersion = 17.10.34818.151
MinimumVisualStudioVersion = 10.0.40219.1
Project("{2150E333-8FDC-42A3-9474-1A3956D46DE8}") = "Solution Items", "Solution Items", "{344AE713-C9B5-474F-90AF-81F2E615C0F4}"
	ProjectSection(SolutionItems) = preProject
		docker-compose.yml = docker-compose.yml
	EndProjectSection
EndProject
Project("{9A19103F-16F7-4668-BE54-9A1E7A4F7556}") = "Web", "Web\Web.csproj", "{58A1376F-34E0-4FAF-8980-802ADCE626DD}"
EndProject
Project("{9A19103F-16F7-4668-BE54-9A1E7A4F7556}") = "Web.Client", "Web.Client\Web.Client.csproj", "{2F48993B-D9C7-4DE3-BD9D-9C63E465591B}"
EndProject
Project("{FAE04EC0-301F-11D3-BF4B-00C04F79EFBC}") = "ProjectExamination.AppHost", "ProjectExamination.AppHost\ProjectExamination.AppHost.csproj", "{93935670-B5EA-4DAE-9706-8BAAA6BEA764}"
EndProject
Project("{9A19103F-16F7-4668-BE54-9A1E7A4F7556}") = "ProjectExamination.ServiceDefaults", "ProjectExamination.ServiceDefaults\ProjectExamination.ServiceDefaults.csproj", "{22AF9C85-E4D8-4E6A-9121-E990D8634FD2}"
EndProject
Project("{FAE04EC0-301F-11D3-BF4B-00C04F79EFBC}") = "Shared", "Shared\Shared.csproj", "{F704212B-6E1A-4F5C-AC67-AF3732EB293E}"
EndProject
Global
	GlobalSection(SolutionConfigurationPlatforms) = preSolution
		Debug|Any CPU = Debug|Any CPU
		Release|Any CPU = Release|Any CPU
	EndGlobalSection
	GlobalSection(ProjectConfigurationPlatforms) = postSolution
		{58A1376F-34E0-4FAF-8980-802ADCE626DD}.Debug|Any CPU.ActiveCfg = Debug|Any CPU
		{58A1376F-34E0-4FAF-8980-802ADCE626DD}.Debug|Any CPU.Build.0 = Debug|Any CPU
		{58A1376F-34E0-4FAF-8980-802ADCE626DD}.Release|Any CPU.ActiveCfg = Release|Any CPU
		{58A1376F-34E0-4FAF-8980-802ADCE626DD}.Release|Any CPU.Build.0 = Release|Any CPU
		{2F48993B-D9C7-4DE3-BD9D-9C63E465591B}.Debug|Any CPU.ActiveCfg = Debug|Any CPU
		{2F48993B-D9C7-4DE3-BD9D-9C63E465591B}.Debug|Any CPU.Build.0 = Debug|Any CPU
		{2F48993B-D9C7-4DE3-BD9D-9C63E465591B}.Release|Any CPU.ActiveCfg = Release|Any CPU
		{2F48993B-D9C7-4DE3-BD9D-9C63E465591B}.Release|Any CPU.Build.0 = Release|Any CPU
		{93935670-B5EA-4DAE-9706-8BAAA6BEA764}.Debug|Any CPU.ActiveCfg = Debug|Any CPU
		{93935670-B5EA-4DAE-9706-8BAAA6BEA764}.Debug|Any CPU.Build.0 = Debug|Any CPU
		{93935670-B5EA-4DAE-9706-8BAAA6BEA764}.Release|Any CPU.ActiveCfg = Release|Any CPU
		{93935670-B5EA-4DAE-9706-8BAAA6BEA764}.Release|Any CPU.Build.0 = Release|Any CPU
		{22AF9C85-E4D8-4E6A-9121-E990D8634FD2}.Debug|Any CPU.ActiveCfg = Debug|Any CPU
		{22AF9C85-E4D8-4E6A-9121-E990D8634FD2}.Debug|Any CPU.Build.0 = Debug|Any CPU
		{22AF9C85-E4D8-4E6A-9121-E990D8634FD2}.Release|Any CPU.ActiveCfg = Release|Any CPU
		{22AF9C85-E4D8-4E6A-9121-E990D8634FD2}.Release|Any CPU.Build.0 = Release|Any CPU
		{F704212B-6E1A-4F5C-AC67-AF3732EB293E}.Debug|Any CPU.ActiveCfg = Debug|Any CPU
		{F704212B-6E1A-4F5C-AC67-AF3732EB293E}.Debug|Any CPU.Build.0 = Debug|Any CPU
		{F704212B-6E1A-4F5C-AC67-AF3732EB293E}.Release|Any CPU.ActiveCfg = Release|Any CPU
		{F704212B-6E1A-4F5C-AC67-AF3732EB293E}.Release|Any CPU.Build.0 = Release|Any CPU
	EndGlobalSection
	GlobalSection(SolutionProperties) = preSolution
		HideSolutionNode = FALSE
	EndGlobalSection
EndGlobal
